<?xml version="1.0" encoding="utf-8"?>
<Project ToolsVersion="4.0" xmlns="http://schemas.microsoft.com/developer/msbuild/2003">
  <ItemGroup>
    <Filter Include="Tomato">
      <UniqueIdentifier>{D96AE6D3-C50C-11AA-AEC7-24FE9A0898FA}</UniqueIdentifier>
    </Filter>
    <Filter Include="Tomato\Events">
      <UniqueIdentifier>{9D488E06-0909-0A3D-D243-53BA3EC34E19}</UniqueIdentifier>
    </Filter>
  </ItemGroup>
  <ItemGroup>
    <ClInclude Include="src\Tomato.h" />
    <ClInclude Include="src\Tomato\APP.h">
      <Filter>Tomato</Filter>
    </ClInclude>
    <ClInclude Include="src\Tomato\Core.h">
      <Filter>Tomato</Filter>
    </ClInclude>
    <ClInclude Include="src\Tomato\EntryPoint.h">
      <Filter>Tomato</Filter>
    </ClInclude>
    <ClInclude Include="src\Tomato\Events\APPEvent.h">
      <Filter>Tomato\Events</Filter>
    </ClInclude>
    <ClInclude Include="src\Tomato\Events\Event.h">
      <Filter>Tomato\Events</Filter>
    </ClInclude>
    <ClInclude Include="src\Tomato\Log.h">
      <Filter>Tomato</Filter>
    </ClInclude>
  </ItemGroup>
  <ItemGroup>
    <ClCompile Include="src\Tomato\APP.cpp">
      <Filter>Tomato</Filter>
    </ClCompile>
    <ClCompile Include="src\Tomato\Log.cpp">
      <Filter>Tomato</Filter>
    </ClCompile>
  </ItemGroup>
</Project>